
Microsoft Visual Studio Solution File, Format Version 12.00
# Visual Studio 15
VisualStudioVersion = 15.0.27428.2015
MinimumVisualStudioVersion = 10.0.40219.1
Project("{D954291E-2A0B-460D-934E-DC6B0785DB48}") = "Shared.DFeSoapNet", "Shared.DFeSoapNet\Shared.DFeSoapNet.shproj", "{33254E24-6AAC-4AC5-A790-6446A1CBBBCD}"
EndProject
Project("{FAE04EC0-301F-11D3-BF4B-00C04F79EFBC}") = "DFeSoapNetStandard", "DFeSoapNetStandard\DFeSoapNetStandard.csproj", "{C23AE022-3DD9-409F-BC09-25CC86506775}"
EndProject
Project("{FAE04EC0-301F-11D3-BF4B-00C04F79EFBC}") = "DFeSoapNet", "DFeSoapNet\DFeSoapNet.csproj", "{EAD8F881-C42D-40AC-BDB0-41CCACD2AC06}"
EndProject
Global
	GlobalSection(SharedMSBuildProjectFiles) = preSolution
		Shared.DFeSoapNet\Shared.DFeSoapNet.projitems*{33254e24-6aac-4ac5-a790-6446a1cbbbcd}*SharedItemsImports = 13
	EndGlobalSection
	GlobalSection(SolutionConfigurationPlatforms) = preSolution
		Debug|Any CPU = Debug|Any CPU
		Release|Any CPU = Release|Any CPU
	EndGlobalSection
	GlobalSection(ProjectConfigurationPlatforms) = postSolution
		{C23AE022-3DD9-409F-BC09-25CC86506775}.Debug|Any CPU.ActiveCfg = Debug|Any CPU
		{C23AE022-3DD9-409F-BC09-25CC86506775}.Debug|Any CPU.Build.0 = Debug|Any CPU
		{C23AE022-3DD9-409F-BC09-25CC86506775}.Release|Any CPU.ActiveCfg = Release|Any CPU
		{C23AE022-3DD9-409F-BC09-25CC86506775}.Release|Any CPU.Build.0 = Release|Any CPU
		{EAD8F881-C42D-40AC-BDB0-41CCACD2AC06}.Debug|Any CPU.ActiveCfg = Debug|Any CPU
		{EAD8F881-C42D-40AC-BDB0-41CCACD2AC06}.Debug|Any CPU.Build.0 = Debug|Any CPU
		{EAD8F881-C42D-40AC-BDB0-41CCACD2AC06}.Release|Any CPU.ActiveCfg = Release|Any CPU
		{EAD8F881-C42D-40AC-BDB0-41CCACD2AC06}.Release|Any CPU.Build.0 = Release|Any CPU
	EndGlobalSection
	GlobalSection(SolutionProperties) = preSolution
		HideSolutionNode = FALSE
	EndGlobalSection
	GlobalSection(ExtensibilityGlobals) = postSolution
		SolutionGuid = {201DAF96-931D-491C-91E4-60B9F32D366F}
	EndGlobalSection
EndGlobal
